{
  "name": "sentiment-analysis",
  "lockfileVersion": 2,
  "requires": true,
  "packages": {
    "": {
      "devDependencies": {
        "serverless-plugin-warmup": "^8.0.0"
      }
    },
    "node_modules/serverless-plugin-warmup": {
      "version": "8.0.0",
      "resolved": "https://registry.npmjs.org/serverless-plugin-warmup/-/serverless-plugin-warmup-8.0.0.tgz",
      "integrity": "sha512-XRfPQAyOrLxcW7n9HhN+TvriJ3nYPKIrID8Eh00GOhXfApR1Ywf3R+slIDe/HthlBY3V1IxNF4DFwcZPXjIlPg==",
      "dev": true
    }
  },
  "dependencies": {
    "serverless-plugin-warmup": {
      "version": "8.0.0",
      "resolved": "https://registry.npmjs.org/serverless-plugin-warmup/-/serverless-plugin-warmup-8.0.0.tgz",
      "integrity": "sha512-XRfPQAyOrLxcW7n9HhN+TvriJ3nYPKIrID8Eh00GOhXfApR1Ywf3R+slIDe/HthlBY3V1IxNF4DFwcZPXjIlPg==",
      "dev": true
    }
  }
}
